
Microsoft Visual Studio Solution File, Format Version 12.00
# Visual Studio Version 17
VisualStudioVersion = 17.0.31903.59
MinimumVisualStudioVersion = 10.0.40219.1
Project("{9A19103F-16F7-4668-BE54-9A1E7A4F7556}") = "EventSphere.Presentation", "EventSphere.Presentation\EventSphere.Presentation.csproj", "{2C6BD1AD-70D3-4DFC-A555-B4177473E608}"
EndProject
Project("{9A19103F-16F7-4668-BE54-9A1E7A4F7556}") = "EventSphere.Infrastructure", "EventSphere.Infrastructure\EventSphere.Infrastructure.csproj", "{3DFA964D-5F54-4015-AC47-2FB09B9162F2}"
EndProject
Project("{FAE04EC0-301F-11D3-BF4B-00C04F79EFBC}") = "EventSphere.Application", "EventSphere.Application\EventSphere.Application.csproj", "{52B195FA-5911-4A37-B320-34F85C80AB61}"
EndProject
Global
	GlobalSection(SolutionConfigurationPlatforms) = preSolution
		Debug|Any CPU = Debug|Any CPU
		Release|Any CPU = Release|Any CPU
	EndGlobalSection
	GlobalSection(ProjectConfigurationPlatforms) = postSolution
		{2C6BD1AD-70D3-4DFC-A555-B4177473E608}.Debug|Any CPU.ActiveCfg = Debug|Any CPU
		{2C6BD1AD-70D3-4DFC-A555-B4177473E608}.Debug|Any CPU.Build.0 = Debug|Any CPU
		{2C6BD1AD-70D3-4DFC-A555-B4177473E608}.Release|Any CPU.ActiveCfg = Release|Any CPU
		{2C6BD1AD-70D3-4DFC-A555-B4177473E608}.Release|Any CPU.Build.0 = Release|Any CPU
		{3DFA964D-5F54-4015-AC47-2FB09B9162F2}.Debug|Any CPU.ActiveCfg = Debug|Any CPU
		{3DFA964D-5F54-4015-AC47-2FB09B9162F2}.Debug|Any CPU.Build.0 = Debug|Any CPU
		{3DFA964D-5F54-4015-AC47-2FB09B9162F2}.Release|Any CPU.ActiveCfg = Release|Any CPU
		{3DFA964D-5F54-4015-AC47-2FB09B9162F2}.Release|Any CPU.Build.0 = Release|Any CPU
		{52B195FA-5911-4A37-B320-34F85C80AB61}.Debug|Any CPU.ActiveCfg = Debug|Any CPU
		{52B195FA-5911-4A37-B320-34F85C80AB61}.Debug|Any CPU.Build.0 = Debug|Any CPU
		{52B195FA-5911-4A37-B320-34F85C80AB61}.Release|Any CPU.ActiveCfg = Release|Any CPU
		{52B195FA-5911-4A37-B320-34F85C80AB61}.Release|Any CPU.Build.0 = Release|Any CPU
	EndGlobalSection
	GlobalSection(SolutionProperties) = preSolution
		HideSolutionNode = FALSE
	EndGlobalSection
	GlobalSection(ExtensibilityGlobals) = postSolution
		SolutionGuid = {0B8B4472-0AB4-48D3-B975-00C7FC03E5AA}
	EndGlobalSection
EndGlobal
